
Microsoft Visual Studio Solution File, Format Version 12.00
# Visual Studio Version 16
VisualStudioVersion = 16.0.30804.86
MinimumVisualStudioVersion = 10.0.40219.1
Project("{9A19103F-16F7-4668-BE54-9A1E7A4F7556}") = "AsyncInn", "AsyncInn\AsyncInn.csproj", "{605BBF87-20CF-4DA5-A034-1893ACA54C47}"
EndProject
Project("{FAE04EC0-301F-11D3-BF4B-00C04F79EFBC}") = "AsyncInnTests", "AsyncInnTests\AsyncInnTests.csproj", "{FE00623D-3133-40B6-885E-33CEC8B437C6}"
EndProject
Global
	GlobalSection(SolutionConfigurationPlatforms) = preSolution
		Debug|Any CPU = Debug|Any CPU
		Release|Any CPU = Release|Any CPU
	EndGlobalSection
	GlobalSection(ProjectConfigurationPlatforms) = postSolution
		{605BBF87-20CF-4DA5-A034-1893ACA54C47}.Debug|Any CPU.ActiveCfg = Debug|Any CPU
		{605BBF87-20CF-4DA5-A034-1893ACA54C47}.Debug|Any CPU.Build.0 = Debug|Any CPU
		{605BBF87-20CF-4DA5-A034-1893ACA54C47}.Release|Any CPU.ActiveCfg = Release|Any CPU
		{605BBF87-20CF-4DA5-A034-1893ACA54C47}.Release|Any CPU.Build.0 = Release|Any CPU
		{FE00623D-3133-40B6-885E-33CEC8B437C6}.Debug|Any CPU.ActiveCfg = Debug|Any CPU
		{FE00623D-3133-40B6-885E-33CEC8B437C6}.Debug|Any CPU.Build.0 = Debug|Any CPU
		{FE00623D-3133-40B6-885E-33CEC8B437C6}.Release|Any CPU.ActiveCfg = Release|Any CPU
		{FE00623D-3133-40B6-885E-33CEC8B437C6}.Release|Any CPU.Build.0 = Release|Any CPU
	EndGlobalSection
	GlobalSection(SolutionProperties) = preSolution
		HideSolutionNode = FALSE
	EndGlobalSection
	GlobalSection(ExtensibilityGlobals) = postSolution
		SolutionGuid = {1BE6740A-7DE0-4697-AF9C-C5A6643A7B37}
	EndGlobalSection
EndGlobal
